
Microsoft Visual Studio Solution File, Format Version 12.00
# Visual Studio Version 17
VisualStudioVersion = 17.8.34309.116
MinimumVisualStudioVersion = 10.0.40219.1
Project("{9A19103F-16F7-4668-BE54-9A1E7A4F7556}") = "Antelcat.AutoGen.SourceGenerators", "Antelcat.AutoGen.SourceGenerators\Antelcat.AutoGen.SourceGenerators.csproj", "{2AF94890-5351-4827-933D-9A193812A811}"
EndProject
Project("{9A19103F-16F7-4668-BE54-9A1E7A4F7556}") = "Antelcat.AutoGen.Sample", "Antelcat.AutoGen.Sample\Antelcat.AutoGen.Sample.csproj", "{3473578A-8C02-42AC-BE81-ABB1DC3C4AAF}"
EndProject
Project("{9A19103F-16F7-4668-BE54-9A1E7A4F7556}") = "Antelcat.AutoGen.SourceGenerators.Tests", "Antelcat.AutoGen.SourceGenerators.Tests\Antelcat.AutoGen.SourceGenerators.Tests.csproj", "{0581DAB8-B73E-4225-B021-4486FC319F5C}"
EndProject
Project("{2150E333-8FDC-42A3-9474-1A3956D46DE8}") = "Extern", "Extern", "{EC8707B7-D7FD-49A2-9946-89C876B192EA}"
EndProject
Project("{9A19103F-16F7-4668-BE54-9A1E7A4F7556}") = "Feast.CodeAnalysis.SourceGenerators", "..\extern\CodeAnalysis\src\Feast.CodeAnalysis.SourceGenerators\Feast.CodeAnalysis.SourceGenerators.csproj", "{ABC886DA-DE89-42DC-A7FE-8F1ED08BD5C3}"
EndProject
Project("{9A19103F-16F7-4668-BE54-9A1E7A4F7556}") = "Antelcat.AutoGen", "Antelcat.AutoGen\Antelcat.AutoGen.csproj", "{5BF0E91F-7E68-4077-812D-F3BD310E5F4E}"
EndProject
Project("{D954291E-2A0B-460D-934E-DC6B0785DB48}") = "Antelcat.AutoGen.Shared", "Antelcat.AutoGen.Shared\Antelcat.AutoGen.Shared.shproj", "{332D088C-0399-4ECE-9F4C-7B2495A1F718}"
EndProject
Project("{9A19103F-16F7-4668-BE54-9A1E7A4F7556}") = "Feast.CodeAnalysis.LiteralGenerator", "..\extern\CodeAnalysis\src\Feast.CodeAnalysis.LiteralGenerator\Feast.CodeAnalysis.LiteralGenerator.csproj", "{AC314F19-4427-4D6F-A4F2-E04DF165C7DF}"
EndProject
Project("{9A19103F-16F7-4668-BE54-9A1E7A4F7556}") = "Antelcat.AutoGen.Native", "Antelcat.AutoGen.Native\Antelcat.AutoGen.Native.csproj", "{85B170CB-C967-4F4E-94C5-8CC3184E003C}"
EndProject
Project("{2150E333-8FDC-42A3-9474-1A3956D46DE8}") = "_", "_", "{81B8AFDC-AF24-480E-AAC2-9A1B39ADAE95}"
	ProjectSection(SolutionItems) = preProject
		..\README.md = ..\README.md
		..\README.zh.md = ..\README.zh.md
	EndProjectSection
EndProject
Project("{FAE04EC0-301F-11D3-BF4B-00C04F79EFBC}") = "Antelcat.AutoGen.AssemblyWeaver", "Antelcat.AutoGen.AssemblyWeaver\Antelcat.AutoGen.AssemblyWeaver.csproj", "{F46A37E9-C49A-41E2-AC29-6E046D6D5854}"
EndProject
Project("{2150E333-8FDC-42A3-9474-1A3956D46DE8}") = "Tests", "Tests", "{89CF9EBF-F7FF-411B-9C25-767117D9BA36}"
EndProject
Project("{FAE04EC0-301F-11D3-BF4B-00C04F79EFBC}") = "Antelcat.AutoGen.AssemblyWeaver.Tests", "Antelcat.AutoGen.AssemblyWeaver.Tests\Antelcat.AutoGen.AssemblyWeaver.Tests.csproj", "{40B4061A-D02F-44F5-ACE6-33BEE191D7D6}"
EndProject
Project("{FAE04EC0-301F-11D3-BF4B-00C04F79EFBC}") = "Antelcat.AutoGen.Framework", "Antelcat.AutoGen.Framework\Antelcat.AutoGen.Framework.csproj", "{214ADADE-B38E-4817-8F66-11B5DF55B806}"
EndProject
Global
	GlobalSection(SolutionConfigurationPlatforms) = preSolution
		Debug|Any CPU = Debug|Any CPU
		Release|Any CPU = Release|Any CPU
	EndGlobalSection
	GlobalSection(ProjectConfigurationPlatforms) = postSolution
		{2AF94890-5351-4827-933D-9A193812A811}.Debug|Any CPU.ActiveCfg = Debug|Any CPU
		{2AF94890-5351-4827-933D-9A193812A811}.Debug|Any CPU.Build.0 = Debug|Any CPU
		{2AF94890-5351-4827-933D-9A193812A811}.Release|Any CPU.ActiveCfg = Release|Any CPU
		{2AF94890-5351-4827-933D-9A193812A811}.Release|Any CPU.Build.0 = Release|Any CPU
		{3473578A-8C02-42AC-BE81-ABB1DC3C4AAF}.Debug|Any CPU.ActiveCfg = Debug|Any CPU
		{3473578A-8C02-42AC-BE81-ABB1DC3C4AAF}.Debug|Any CPU.Build.0 = Debug|Any CPU
		{3473578A-8C02-42AC-BE81-ABB1DC3C4AAF}.Release|Any CPU.ActiveCfg = Release|Any CPU
		{3473578A-8C02-42AC-BE81-ABB1DC3C4AAF}.Release|Any CPU.Build.0 = Release|Any CPU
		{0581DAB8-B73E-4225-B021-4486FC319F5C}.Debug|Any CPU.ActiveCfg = Debug|Any CPU
		{0581DAB8-B73E-4225-B021-4486FC319F5C}.Debug|Any CPU.Build.0 = Debug|Any CPU
		{0581DAB8-B73E-4225-B021-4486FC319F5C}.Release|Any CPU.ActiveCfg = Release|Any CPU
		{0581DAB8-B73E-4225-B021-4486FC319F5C}.Release|Any CPU.Build.0 = Release|Any CPU
		{ABC886DA-DE89-42DC-A7FE-8F1ED08BD5C3}.Debug|Any CPU.ActiveCfg = Debug|Any CPU
		{ABC886DA-DE89-42DC-A7FE-8F1ED08BD5C3}.Debug|Any CPU.Build.0 = Debug|Any CPU
		{ABC886DA-DE89-42DC-A7FE-8F1ED08BD5C3}.Release|Any CPU.ActiveCfg = Release|Any CPU
		{ABC886DA-DE89-42DC-A7FE-8F1ED08BD5C3}.Release|Any CPU.Build.0 = Release|Any CPU
		{5BF0E91F-7E68-4077-812D-F3BD310E5F4E}.Debug|Any CPU.ActiveCfg = Debug|Any CPU
		{5BF0E91F-7E68-4077-812D-F3BD310E5F4E}.Debug|Any CPU.Build.0 = Debug|Any CPU
		{5BF0E91F-7E68-4077-812D-F3BD310E5F4E}.Release|Any CPU.ActiveCfg = Release|Any CPU
		{5BF0E91F-7E68-4077-812D-F3BD310E5F4E}.Release|Any CPU.Build.0 = Release|Any CPU
		{AC314F19-4427-4D6F-A4F2-E04DF165C7DF}.Debug|Any CPU.ActiveCfg = Debug|Any CPU
		{AC314F19-4427-4D6F-A4F2-E04DF165C7DF}.Debug|Any CPU.Build.0 = Debug|Any CPU
		{AC314F19-4427-4D6F-A4F2-E04DF165C7DF}.Release|Any CPU.ActiveCfg = Release|Any CPU
		{AC314F19-4427-4D6F-A4F2-E04DF165C7DF}.Release|Any CPU.Build.0 = Release|Any CPU
		{85B170CB-C967-4F4E-94C5-8CC3184E003C}.Debug|Any CPU.ActiveCfg = Debug|Any CPU
		{85B170CB-C967-4F4E-94C5-8CC3184E003C}.Debug|Any CPU.Build.0 = Debug|Any CPU
		{85B170CB-C967-4F4E-94C5-8CC3184E003C}.Release|Any CPU.ActiveCfg = Release|Any CPU
		{85B170CB-C967-4F4E-94C5-8CC3184E003C}.Release|Any CPU.Build.0 = Release|Any CPU
		{F46A37E9-C49A-41E2-AC29-6E046D6D5854}.Debug|Any CPU.ActiveCfg = Debug|Any CPU
		{F46A37E9-C49A-41E2-AC29-6E046D6D5854}.Debug|Any CPU.Build.0 = Debug|Any CPU
		{F46A37E9-C49A-41E2-AC29-6E046D6D5854}.Release|Any CPU.ActiveCfg = Release|Any CPU
		{F46A37E9-C49A-41E2-AC29-6E046D6D5854}.Release|Any CPU.Build.0 = Release|Any CPU
		{40B4061A-D02F-44F5-ACE6-33BEE191D7D6}.Debug|Any CPU.ActiveCfg = Debug|Any CPU
		{40B4061A-D02F-44F5-ACE6-33BEE191D7D6}.Debug|Any CPU.Build.0 = Debug|Any CPU
		{40B4061A-D02F-44F5-ACE6-33BEE191D7D6}.Release|Any CPU.ActiveCfg = Release|Any CPU
		{40B4061A-D02F-44F5-ACE6-33BEE191D7D6}.Release|Any CPU.Build.0 = Release|Any CPU
		{214ADADE-B38E-4817-8F66-11B5DF55B806}.Debug|Any CPU.ActiveCfg = Debug|Any CPU
		{214ADADE-B38E-4817-8F66-11B5DF55B806}.Debug|Any CPU.Build.0 = Debug|Any CPU
		{214ADADE-B38E-4817-8F66-11B5DF55B806}.Release|Any CPU.ActiveCfg = Release|Any CPU
		{214ADADE-B38E-4817-8F66-11B5DF55B806}.Release|Any CPU.Build.0 = Release|Any CPU
	EndGlobalSection
	GlobalSection(SolutionProperties) = preSolution
		HideSolutionNode = FALSE
	EndGlobalSection
	GlobalSection(NestedProjects) = preSolution
		{ABC886DA-DE89-42DC-A7FE-8F1ED08BD5C3} = {EC8707B7-D7FD-49A2-9946-89C876B192EA}
		{AC314F19-4427-4D6F-A4F2-E04DF165C7DF} = {EC8707B7-D7FD-49A2-9946-89C876B192EA}
		{0581DAB8-B73E-4225-B021-4486FC319F5C} = {89CF9EBF-F7FF-411B-9C25-767117D9BA36}
		{40B4061A-D02F-44F5-ACE6-33BEE191D7D6} = {89CF9EBF-F7FF-411B-9C25-767117D9BA36}
	EndGlobalSection
	GlobalSection(SharedMSBuildProjectFiles) = preSolution
		Antelcat.AutoGen.Shared\Antelcat.AutoGen.Shared.projitems*{2af94890-5351-4827-933d-9a193812a811}*SharedItemsImports = 5
		Antelcat.AutoGen.Shared\Antelcat.AutoGen.Shared.projitems*{332d088c-0399-4ece-9f4c-7b2495a1f718}*SharedItemsImports = 13
		Antelcat.AutoGen.Shared\Antelcat.AutoGen.Shared.projitems*{5bf0e91f-7e68-4077-812d-f3bd310e5f4e}*SharedItemsImports = 5
		..\extern\CodeAnalysis\src\Feast.CodeAnalysis.Shared\Feast.CodeAnalysis.Shared.projitems*{abc886da-de89-42dc-a7fe-8f1ed08bd5c3}*SharedItemsImports = 5
		..\extern\CodeAnalysis\src\Feast.CodeAnalysis.Shared\Feast.CodeAnalysis.Shared.projitems*{ac314f19-4427-4d6f-a4f2-e04df165c7df}*SharedItemsImports = 5
	EndGlobalSection
EndGlobal
